uuid: ef9efd68-a10c-4e4e-a0df-2a28259f8c17
langcode: en
status: true
dependencies:
  config:
    - block_content.type.varbase_html_code_block
  module:
    - content_translation
third_party_settings:
  content_translation:
    enabled: true
_core:
  default_config_hash: zR8TeDyrJEnUlBicnCdJxFeIuqKEjIuCI1FdVBmW9w4
id: block_content.varbase_html_code_block
target_entity_type_id: block_content
target_bundle: varbase_html_code_block
default_langcode: current_interface
language_alterable: true
